
Microsoft Visual Studio Solution File, Format Version 12.00
# Visual Studio Version 17
VisualStudioVersion = 17.14.36518.9 d17.14
MinimumVisualStudioVersion = 10.0.40219.1
Project("{FAE04EC0-301F-11D3-BF4B-00C04F79EFBC}") = "WebApi8.0", "WebApi8.0\WebApi8.0.csproj", "{84538012-EC95-4778-B9DF-54594423FF61}"
EndProject
Global
	GlobalSection(SolutionConfigurationPlatforms) = preSolution
		Debug|Any CPU = Debug|Any CPU
		Release|Any CPU = Release|Any CPU
	EndGlobalSection
	GlobalSection(ProjectConfigurationPlatforms) = postSolution
		{84538012-EC95-4778-B9DF-54594423FF61}.Debug|Any CPU.ActiveCfg = Debug|Any CPU
		{84538012-EC95-4778-B9DF-54594423FF61}.Debug|Any CPU.Build.0 = Debug|Any CPU
		{84538012-EC95-4778-B9DF-54594423FF61}.Release|Any CPU.ActiveCfg = Release|Any CPU
		{84538012-EC95-4778-B9DF-54594423FF61}.Release|Any CPU.Build.0 = Release|Any CPU
	EndGlobalSection
	GlobalSection(SolutionProperties) = preSolution
		HideSolutionNode = FALSE
	EndGlobalSection
	GlobalSection(ExtensibilityGlobals) = postSolution
		SolutionGuid = {CDB8D76B-4264-4146-8610-FFABE9C2246B}
	EndGlobalSection
EndGlobal
